
Microsoft Visual Studio Solution File, Format Version 12.00
# Visual Studio Version 17
VisualStudioVersion = 17.5.33516.290
MinimumVisualStudioVersion = 10.0.40219.1
Project("{2150E333-8FDC-42A3-9474-1A3956D46DE8}") = "src", "src", "{6ABD13EF-C246-456C-B87E-3232C61FF2D5}"
EndProject
Project("{2150E333-8FDC-42A3-9474-1A3956D46DE8}") = "ApiGateways", "ApiGateways", "{F7717A22-465F-4AC6-B951-5F2D21C60F13}"
EndProject
Project("{2150E333-8FDC-42A3-9474-1A3956D46DE8}") = "BuildingBlocks", "BuildingBlocks", "{14C9BFF8-1420-4D22-B97F-E2C7476576E7}"
EndProject
Project("{2150E333-8FDC-42A3-9474-1A3956D46DE8}") = "Services", "Services", "{01339D26-706C-4679-9C62-4401237B8D36}"
EndProject
Project("{2150E333-8FDC-42A3-9474-1A3956D46DE8}") = "WebApps", "WebApps", "{330EC2BE-419F-44AF-9AD4-F442F066A61F}"
EndProject
Project("{2150E333-8FDC-42A3-9474-1A3956D46DE8}") = "React", "React", "{E1AA3AFF-0656-4B29-9575-C730F03FE513}"
EndProject
Project("{2150E333-8FDC-42A3-9474-1A3956D46DE8}") = "Angular", "Angular", "{4BE0A962-AC15-44C0-A284-CA62BF7242EE}"
EndProject
Project("{2150E333-8FDC-42A3-9474-1A3956D46DE8}") = "WebStatus", "WebStatus", "{EC0F6A64-E2B4-4A24-B732-178EACCA41FA}"
EndProject
Project("{2150E333-8FDC-42A3-9474-1A3956D46DE8}") = "Common.Logging", "Common.Logging", "{C7A8DDA2-EE2F-48E1-9984-7D5B4A191B12}"
EndProject
Project("{2150E333-8FDC-42A3-9474-1A3956D46DE8}") = "Common.SignalR", "Common.SignalR", "{161A1CDA-B47A-4B55-98C2-A40002A447CD}"
EndProject
Project("{2150E333-8FDC-42A3-9474-1A3956D46DE8}") = "DashboardService", "DashboardService", "{AD0B3AD8-C4EB-44E1-8F89-2EAC70D23F6F}"
EndProject
Project("{2150E333-8FDC-42A3-9474-1A3956D46DE8}") = "SkillService", "SkillService", "{B1B9F54D-1B42-4A04-A398-E0D4DAEA71EF}"
EndProject
Project("{2150E333-8FDC-42A3-9474-1A3956D46DE8}") = "EntertainmentService", "EntertainmentService", "{9A9891B7-C625-4C24-B4D7-08249DFD10AF}"
EndProject
Project("{2150E333-8FDC-42A3-9474-1A3956D46DE8}") = "LogService", "LogService", "{D74DCF3D-9624-4C47-A115-3A00EE4D108D}"
EndProject
Project("{2150E333-8FDC-42A3-9474-1A3956D46DE8}") = "UserService", "UserService", "{3148C820-7DB6-4042-9B73-17FF7E378522}"
EndProject
Project("{2150E333-8FDC-42A3-9474-1A3956D46DE8}") = "WorkoutService", "WorkoutService", "{B1E50BCC-85CB-4581-8A3B-612114F45403}"
EndProject
Project("{2150E333-8FDC-42A3-9474-1A3956D46DE8}") = "Core", "Core", "{9AE8C2A1-91BE-437D-8439-862DB3B1AE57}"
EndProject
Project("{2150E333-8FDC-42A3-9474-1A3956D46DE8}") = "Infrastructure", "Infrastructure", "{90CE088D-A6A8-4BEF-B072-6028AFCA10F9}"
EndProject
Project("{2150E333-8FDC-42A3-9474-1A3956D46DE8}") = "Presentation", "Presentation", "{4D0DC0D8-A086-40BF-A71A-086A1489D72D}"
EndProject
Project("{2150E333-8FDC-42A3-9474-1A3956D46DE8}") = "Core", "Core", "{D1FF14BF-C843-4654-B982-D9096EBBD172}"
EndProject
Project("{2150E333-8FDC-42A3-9474-1A3956D46DE8}") = "Infrastructure", "Infrastructure", "{FCCDA7A8-862E-4278-8452-A8A83085C4BB}"
EndProject
Project("{2150E333-8FDC-42A3-9474-1A3956D46DE8}") = "Presentation", "Presentation", "{05B16D13-86F6-47F2-98BD-2C05DB7BAF48}"
EndProject
Project("{2150E333-8FDC-42A3-9474-1A3956D46DE8}") = "Core", "Core", "{C1C7A0DC-C9E9-4CC4-8AC6-97DFF573E7C5}"
EndProject
Project("{2150E333-8FDC-42A3-9474-1A3956D46DE8}") = "Infrastructure", "Infrastructure", "{DF717353-9294-4627-B9E5-FE7E1FF6FEE2}"
EndProject
Project("{2150E333-8FDC-42A3-9474-1A3956D46DE8}") = "Presentation", "Presentation", "{3DFCBCB5-CBB4-404A-B2AE-5C00958D39CA}"
EndProject
Project("{2150E333-8FDC-42A3-9474-1A3956D46DE8}") = "Core", "Core", "{4F833A65-E55E-412A-89DC-96840ECCB3E4}"
EndProject
Project("{2150E333-8FDC-42A3-9474-1A3956D46DE8}") = "Infrastructure", "Infrastructure", "{558D9DAC-0EDE-428C-8B9F-1B10A1D14C24}"
EndProject
Project("{2150E333-8FDC-42A3-9474-1A3956D46DE8}") = "Presentation", "Presentation", "{53B1F928-1412-43CE-8B49-1AF3B3B3F6FA}"
EndProject
Project("{2150E333-8FDC-42A3-9474-1A3956D46DE8}") = "Core", "Core", "{2759AB80-D3BB-48C5-8416-199ECADF2954}"
EndProject
Project("{2150E333-8FDC-42A3-9474-1A3956D46DE8}") = "Infrastructure", "Infrastructure", "{C7B410BC-AEA1-42ED-B5B3-7CF91DA516FD}"
EndProject
Project("{2150E333-8FDC-42A3-9474-1A3956D46DE8}") = "Presentation", "Presentation", "{D535E143-6CDE-4256-A3B4-A5F2A224981B}"
EndProject
Project("{9A19103F-16F7-4668-BE54-9A1E7A4F7556}") = "Entertainment.Domain", "src\Services\EntertainmentService\Core\Entertainment.Domain\Entertainment.Domain.csproj", "{CA0E34C8-365F-4D60-B6F9-383906828579}"
EndProject
Project("{9A19103F-16F7-4668-BE54-9A1E7A4F7556}") = "Entertainment.Application", "src\Services\EntertainmentService\Core\Entertainment.Application\Entertainment.Application.csproj", "{A2783199-FAD0-42C2-A1B6-8BADD96D0C7D}"
EndProject
Project("{9A19103F-16F7-4668-BE54-9A1E7A4F7556}") = "Entertainment.Infrastructure", "src\Services\EntertainmentService\Infrastructure\Entertainment.Infrastructure\Entertainment.Infrastructure.csproj", "{53EDFA3A-BF33-4D7D-8FA5-5BDB0DEA24C8}"
EndProject
Project("{9A19103F-16F7-4668-BE54-9A1E7A4F7556}") = "Entertainment.Persistance", "src\Services\EntertainmentService\Infrastructure\Entertainment.Persistance\Entertainment.Persistance.csproj", "{6AAD7B20-126A-42FD-A765-20916420494E}"
EndProject
Project("{9A19103F-16F7-4668-BE54-9A1E7A4F7556}") = "Entertainment.API", "src\Services\EntertainmentService\Presentation\Entertainment.API\Entertainment.API.csproj", "{EDDFBBC1-E362-425F-8271-841B824DF80C}"
EndProject
Project("{9A19103F-16F7-4668-BE54-9A1E7A4F7556}") = "Log.Domain", "src\Services\LogService\Core\Log.Domain\Log.Domain.csproj", "{A212AA5F-19FD-4F7C-B6FD-0A53946CFE68}"
EndProject
Project("{9A19103F-16F7-4668-BE54-9A1E7A4F7556}") = "Log.Application", "src\Services\LogService\Core\Log.Application\Log.Application.csproj", "{CBBE9C03-06E1-4A87-BC09-354882722BC4}"
EndProject
Project("{9A19103F-16F7-4668-BE54-9A1E7A4F7556}") = "Log.Infrastructure", "src\Services\LogService\Infrastructure\Log.Infrastructure\Log.Infrastructure.csproj", "{D24B6E87-B68A-4AC5-A566-2E2BA3DA38E6}"
EndProject
Project("{9A19103F-16F7-4668-BE54-9A1E7A4F7556}") = "Log.Persistance", "src\Services\LogService\Infrastructure\Log.Persistance\Log.Persistance.csproj", "{3BE6A36E-E7D8-474F-9CEF-FE863AFEB6B2}"
EndProject
Project("{9A19103F-16F7-4668-BE54-9A1E7A4F7556}") = "Log.API", "src\Services\LogService\Presentation\Log.API\Log.API.csproj", "{65F651D2-5FDC-4F98-9C60-77951FCDBC13}"
EndProject
Project("{9A19103F-16F7-4668-BE54-9A1E7A4F7556}") = "Skill.Domain", "src\Services\SkillService\Core\Skill.Domain\Skill.Domain.csproj", "{97C50686-B54A-45E9-B6A0-CCA9B2343F1F}"
EndProject
Project("{9A19103F-16F7-4668-BE54-9A1E7A4F7556}") = "Skill.Application", "src\Services\SkillService\Core\Skill.Application\Skill.Application.csproj", "{79310804-82FE-4525-A553-559DFC6BBBC8}"
EndProject
Project("{9A19103F-16F7-4668-BE54-9A1E7A4F7556}") = "Skill.Infrastructure", "src\Services\SkillService\Infrastructure\Skill.Infrastructure\Skill.Infrastructure.csproj", "{E250CB92-5175-49E8-B753-9BDF723C7758}"
EndProject
Project("{9A19103F-16F7-4668-BE54-9A1E7A4F7556}") = "Skill.Persistance", "src\Services\SkillService\Infrastructure\Skill.Persistance\Skill.Persistance.csproj", "{57F1ACF9-8A1C-493D-A0F1-48C3784BBD6E}"
EndProject
Project("{9A19103F-16F7-4668-BE54-9A1E7A4F7556}") = "Skill.API", "src\Services\SkillService\Presentation\Skill.API\Skill.API.csproj", "{9ACD144A-5596-4A25-B4E2-F637752B37CF}"
EndProject
Project("{9A19103F-16F7-4668-BE54-9A1E7A4F7556}") = "User.Domain", "src\Services\UserService\Core\User.Domain\User.Domain.csproj", "{E5812CB1-BCD0-4A12-ACB0-BD0B522AC4AC}"
EndProject
Project("{9A19103F-16F7-4668-BE54-9A1E7A4F7556}") = "User.Application", "src\Services\UserService\Core\User.Application\User.Application.csproj", "{C064F4D8-2F52-452E-8462-1348C3D0E842}"
EndProject
Project("{9A19103F-16F7-4668-BE54-9A1E7A4F7556}") = "User.Infrastructure", "src\Services\UserService\Infrastructure\User.Infrastructure\User.Infrastructure.csproj", "{C6903BE7-533E-4106-B609-1CD873D5BBFA}"
EndProject
Project("{9A19103F-16F7-4668-BE54-9A1E7A4F7556}") = "User.Persistance", "src\Services\UserService\Infrastructure\User.Persistance\User.Persistance.csproj", "{EBB633DF-4CCD-4DB0-9E50-4B808F921C2B}"
EndProject
Project("{9A19103F-16F7-4668-BE54-9A1E7A4F7556}") = "User.API", "src\Services\UserService\Presentation\User.API\User.API.csproj", "{F0C1D9B7-C230-4ADB-B9D2-8D966AE9E003}"
EndProject
Project("{9A19103F-16F7-4668-BE54-9A1E7A4F7556}") = "Workout.Domain", "src\Services\WorkoutService\Core\Workout.Domain\Workout.Domain.csproj", "{3C5EEF32-9541-440E-A174-EF3D2A140D3B}"
EndProject
Project("{9A19103F-16F7-4668-BE54-9A1E7A4F7556}") = "Workout.Application", "src\Services\WorkoutService\Core\Workout.Application\Workout.Application.csproj", "{2D198AC7-3B35-4619-97D7-1DCAE4B4B70C}"
EndProject
Project("{9A19103F-16F7-4668-BE54-9A1E7A4F7556}") = "Workout.Infrastructure", "src\Services\WorkoutService\Infrastructure\Workout.Infrastructure\Workout.Infrastructure.csproj", "{2C8416AD-F7EF-4540-8E65-62CB86F05352}"
EndProject
Project("{9A19103F-16F7-4668-BE54-9A1E7A4F7556}") = "Workout.Persistance", "src\Services\WorkoutService\Infrastructure\Workout.Persistance\Workout.Persistance.csproj", "{BF599224-5E97-424E-BCCC-2B2C50B03FE5}"
EndProject
Project("{9A19103F-16F7-4668-BE54-9A1E7A4F7556}") = "Workout.API", "src\Services\WorkoutService\Presentation\Workout.API\Workout.API.csproj", "{72FD7929-5155-47EF-B930-FEB88D2F126B}"
EndProject
Project("{9A19103F-16F7-4668-BE54-9A1E7A4F7556}") = "Common.Logging", "src\BuildingBlocks\Common.Logging\Common.Logging\Common.Logging.csproj", "{6BF6AC71-11B2-4305-9E9F-B0524F7BC918}"
EndProject
Project("{9A19103F-16F7-4668-BE54-9A1E7A4F7556}") = "Common.SignalR", "src\BuildingBlocks\Common.SignalR\Common.SignalR\Common.SignalR.csproj", "{EEA23434-4A8D-4B7B-BF53-53BD90B8A4FC}"
EndProject
Project("{9A19103F-16F7-4668-BE54-9A1E7A4F7556}") = "OcelotAPIGateway", "src\ApiGateways\OcelotAPIGateway\OcelotAPIGateway.csproj", "{D816A850-119A-47F2-9090-2A0FDEB32FB2}"
EndProject
Project("{54A90642-561A-4BB1-A94E-469ADEE60C69}") = "AdminClient", "src\WebApps\Angular\AdminClient\AdminClient.esproj", "{E5432CB5-93B2-429F-A24D-DA907F13D133}"
EndProject
Project("{54A90642-561A-4BB1-A94E-469ADEE60C69}") = "userclient", "src\WebApps\React\UserClient\userclient.esproj", "{C3D3D0A0-B0EE-432C-A797-3B2FBAEF37E2}"
EndProject
Project("{9A19103F-16F7-4668-BE54-9A1E7A4F7556}") = "HealthCheck", "src\WebApps\WebStatus\HealthCheck\HealthCheck.csproj", "{7EBF1456-15DC-4ACB-93B5-232F105E3C7E}"
EndProject
Project("{E53339B2-1760-4266-BCC7-CA923CBCF16C}") = "docker-compose", "docker-compose.dcproj", "{2EF19092-5AC5-4AF7-9DE4-2D755D0061E4}"
EndProject
Project("{FAE04EC0-301F-11D3-BF4B-00C04F79EFBC}") = "Dashboard.Aggregator", "src\Services\DashboardService\Dashboard.Aggregator\Dashboard.Aggregator.csproj", "{9D162B45-A52E-47AA-AB3E-915F7F1F0E4C}"
EndProject
Global
	GlobalSection(SolutionConfigurationPlatforms) = preSolution
		Debug|Any CPU = Debug|Any CPU
		Release|Any CPU = Release|Any CPU
	EndGlobalSection
	GlobalSection(ProjectConfigurationPlatforms) = postSolution
		{CA0E34C8-365F-4D60-B6F9-383906828579}.Debug|Any CPU.ActiveCfg = Debug|Any CPU
		{CA0E34C8-365F-4D60-B6F9-383906828579}.Debug|Any CPU.Build.0 = Debug|Any CPU
		{CA0E34C8-365F-4D60-B6F9-383906828579}.Release|Any CPU.ActiveCfg = Release|Any CPU
		{CA0E34C8-365F-4D60-B6F9-383906828579}.Release|Any CPU.Build.0 = Release|Any CPU
		{A2783199-FAD0-42C2-A1B6-8BADD96D0C7D}.Debug|Any CPU.ActiveCfg = Debug|Any CPU
		{A2783199-FAD0-42C2-A1B6-8BADD96D0C7D}.Debug|Any CPU.Build.0 = Debug|Any CPU
		{A2783199-FAD0-42C2-A1B6-8BADD96D0C7D}.Release|Any CPU.ActiveCfg = Release|Any CPU
		{A2783199-FAD0-42C2-A1B6-8BADD96D0C7D}.Release|Any CPU.Build.0 = Release|Any CPU
		{53EDFA3A-BF33-4D7D-8FA5-5BDB0DEA24C8}.Debug|Any CPU.ActiveCfg = Debug|Any CPU
		{53EDFA3A-BF33-4D7D-8FA5-5BDB0DEA24C8}.Debug|Any CPU.Build.0 = Debug|Any CPU
		{53EDFA3A-BF33-4D7D-8FA5-5BDB0DEA24C8}.Release|Any CPU.ActiveCfg = Release|Any CPU
		{53EDFA3A-BF33-4D7D-8FA5-5BDB0DEA24C8}.Release|Any CPU.Build.0 = Release|Any CPU
		{6AAD7B20-126A-42FD-A765-20916420494E}.Debug|Any CPU.ActiveCfg = Debug|Any CPU
		{6AAD7B20-126A-42FD-A765-20916420494E}.Debug|Any CPU.Build.0 = Debug|Any CPU
		{6AAD7B20-126A-42FD-A765-20916420494E}.Release|Any CPU.ActiveCfg = Release|Any CPU
		{6AAD7B20-126A-42FD-A765-20916420494E}.Release|Any CPU.Build.0 = Release|Any CPU
		{EDDFBBC1-E362-425F-8271-841B824DF80C}.Debug|Any CPU.ActiveCfg = Debug|Any CPU
		{EDDFBBC1-E362-425F-8271-841B824DF80C}.Debug|Any CPU.Build.0 = Debug|Any CPU
		{EDDFBBC1-E362-425F-8271-841B824DF80C}.Release|Any CPU.ActiveCfg = Release|Any CPU
		{EDDFBBC1-E362-425F-8271-841B824DF80C}.Release|Any CPU.Build.0 = Release|Any CPU
		{A212AA5F-19FD-4F7C-B6FD-0A53946CFE68}.Debug|Any CPU.ActiveCfg = Debug|Any CPU
		{A212AA5F-19FD-4F7C-B6FD-0A53946CFE68}.Debug|Any CPU.Build.0 = Debug|Any CPU
		{A212AA5F-19FD-4F7C-B6FD-0A53946CFE68}.Release|Any CPU.ActiveCfg = Release|Any CPU
		{A212AA5F-19FD-4F7C-B6FD-0A53946CFE68}.Release|Any CPU.Build.0 = Release|Any CPU
		{CBBE9C03-06E1-4A87-BC09-354882722BC4}.Debug|Any CPU.ActiveCfg = Debug|Any CPU
		{CBBE9C03-06E1-4A87-BC09-354882722BC4}.Debug|Any CPU.Build.0 = Debug|Any CPU
		{CBBE9C03-06E1-4A87-BC09-354882722BC4}.Release|Any CPU.ActiveCfg = Release|Any CPU
		{CBBE9C03-06E1-4A87-BC09-354882722BC4}.Release|Any CPU.Build.0 = Release|Any CPU
		{D24B6E87-B68A-4AC5-A566-2E2BA3DA38E6}.Debug|Any CPU.ActiveCfg = Debug|Any CPU
		{D24B6E87-B68A-4AC5-A566-2E2BA3DA38E6}.Debug|Any CPU.Build.0 = Debug|Any CPU
		{D24B6E87-B68A-4AC5-A566-2E2BA3DA38E6}.Release|Any CPU.ActiveCfg = Release|Any CPU
		{D24B6E87-B68A-4AC5-A566-2E2BA3DA38E6}.Release|Any CPU.Build.0 = Release|Any CPU
		{3BE6A36E-E7D8-474F-9CEF-FE863AFEB6B2}.Debug|Any CPU.ActiveCfg = Debug|Any CPU
		{3BE6A36E-E7D8-474F-9CEF-FE863AFEB6B2}.Debug|Any CPU.Build.0 = Debug|Any CPU
		{3BE6A36E-E7D8-474F-9CEF-FE863AFEB6B2}.Release|Any CPU.ActiveCfg = Release|Any CPU
		{3BE6A36E-E7D8-474F-9CEF-FE863AFEB6B2}.Release|Any CPU.Build.0 = Release|Any CPU
		{65F651D2-5FDC-4F98-9C60-77951FCDBC13}.Debug|Any CPU.ActiveCfg = Debug|Any CPU
		{65F651D2-5FDC-4F98-9C60-77951FCDBC13}.Debug|Any CPU.Build.0 = Debug|Any CPU
		{65F651D2-5FDC-4F98-9C60-77951FCDBC13}.Release|Any CPU.ActiveCfg = Release|Any CPU
		{65F651D2-5FDC-4F98-9C60-77951FCDBC13}.Release|Any CPU.Build.0 = Release|Any CPU
		{97C50686-B54A-45E9-B6A0-CCA9B2343F1F}.Debug|Any CPU.ActiveCfg = Debug|Any CPU
		{97C50686-B54A-45E9-B6A0-CCA9B2343F1F}.Debug|Any CPU.Build.0 = Debug|Any CPU
		{97C50686-B54A-45E9-B6A0-CCA9B2343F1F}.Release|Any CPU.ActiveCfg = Release|Any CPU
		{97C50686-B54A-45E9-B6A0-CCA9B2343F1F}.Release|Any CPU.Build.0 = Release|Any CPU
		{79310804-82FE-4525-A553-559DFC6BBBC8}.Debug|Any CPU.ActiveCfg = Debug|Any CPU
		{79310804-82FE-4525-A553-559DFC6BBBC8}.Debug|Any CPU.Build.0 = Debug|Any CPU
		{79310804-82FE-4525-A553-559DFC6BBBC8}.Release|Any CPU.ActiveCfg = Release|Any CPU
		{79310804-82FE-4525-A553-559DFC6BBBC8}.Release|Any CPU.Build.0 = Release|Any CPU
		{E250CB92-5175-49E8-B753-9BDF723C7758}.Debug|Any CPU.ActiveCfg = Debug|Any CPU
		{E250CB92-5175-49E8-B753-9BDF723C7758}.Debug|Any CPU.Build.0 = Debug|Any CPU
		{E250CB92-5175-49E8-B753-9BDF723C7758}.Release|Any CPU.ActiveCfg = Release|Any CPU
		{E250CB92-5175-49E8-B753-9BDF723C7758}.Release|Any CPU.Build.0 = Release|Any CPU
		{57F1ACF9-8A1C-493D-A0F1-48C3784BBD6E}.Debug|Any CPU.ActiveCfg = Debug|Any CPU
		{57F1ACF9-8A1C-493D-A0F1-48C3784BBD6E}.Debug|Any CPU.Build.0 = Debug|Any CPU
		{57F1ACF9-8A1C-493D-A0F1-48C3784BBD6E}.Release|Any CPU.ActiveCfg = Release|Any CPU
		{57F1ACF9-8A1C-493D-A0F1-48C3784BBD6E}.Release|Any CPU.Build.0 = Release|Any CPU
		{9ACD144A-5596-4A25-B4E2-F637752B37CF}.Debug|Any CPU.ActiveCfg = Debug|Any CPU
		{9ACD144A-5596-4A25-B4E2-F637752B37CF}.Debug|Any CPU.Build.0 = Debug|Any CPU
		{9ACD144A-5596-4A25-B4E2-F637752B37CF}.Release|Any CPU.ActiveCfg = Release|Any CPU
		{9ACD144A-5596-4A25-B4E2-F637752B37CF}.Release|Any CPU.Build.0 = Release|Any CPU
		{E5812CB1-BCD0-4A12-ACB0-BD0B522AC4AC}.Debug|Any CPU.ActiveCfg = Debug|Any CPU
		{E5812CB1-BCD0-4A12-ACB0-BD0B522AC4AC}.Debug|Any CPU.Build.0 = Debug|Any CPU
		{E5812CB1-BCD0-4A12-ACB0-BD0B522AC4AC}.Release|Any CPU.ActiveCfg = Release|Any CPU
		{E5812CB1-BCD0-4A12-ACB0-BD0B522AC4AC}.Release|Any CPU.Build.0 = Release|Any CPU
		{C064F4D8-2F52-452E-8462-1348C3D0E842}.Debug|Any CPU.ActiveCfg = Debug|Any CPU
		{C064F4D8-2F52-452E-8462-1348C3D0E842}.Debug|Any CPU.Build.0 = Debug|Any CPU
		{C064F4D8-2F52-452E-8462-1348C3D0E842}.Release|Any CPU.ActiveCfg = Release|Any CPU
		{C064F4D8-2F52-452E-8462-1348C3D0E842}.Release|Any CPU.Build.0 = Release|Any CPU
		{C6903BE7-533E-4106-B609-1CD873D5BBFA}.Debug|Any CPU.ActiveCfg = Debug|Any CPU
		{C6903BE7-533E-4106-B609-1CD873D5BBFA}.Debug|Any CPU.Build.0 = Debug|Any CPU
		{C6903BE7-533E-4106-B609-1CD873D5BBFA}.Release|Any CPU.ActiveCfg = Release|Any CPU
		{C6903BE7-533E-4106-B609-1CD873D5BBFA}.Release|Any CPU.Build.0 = Release|Any CPU
		{EBB633DF-4CCD-4DB0-9E50-4B808F921C2B}.Debug|Any CPU.ActiveCfg = Debug|Any CPU
		{EBB633DF-4CCD-4DB0-9E50-4B808F921C2B}.Debug|Any CPU.Build.0 = Debug|Any CPU
		{EBB633DF-4CCD-4DB0-9E50-4B808F921C2B}.Release|Any CPU.ActiveCfg = Release|Any CPU
		{EBB633DF-4CCD-4DB0-9E50-4B808F921C2B}.Release|Any CPU.Build.0 = Release|Any CPU
		{F0C1D9B7-C230-4ADB-B9D2-8D966AE9E003}.Debug|Any CPU.ActiveCfg = Debug|Any CPU
		{F0C1D9B7-C230-4ADB-B9D2-8D966AE9E003}.Debug|Any CPU.Build.0 = Debug|Any CPU
		{F0C1D9B7-C230-4ADB-B9D2-8D966AE9E003}.Release|Any CPU.ActiveCfg = Release|Any CPU
		{F0C1D9B7-C230-4ADB-B9D2-8D966AE9E003}.Release|Any CPU.Build.0 = Release|Any CPU
		{3C5EEF32-9541-440E-A174-EF3D2A140D3B}.Debug|Any CPU.ActiveCfg = Debug|Any CPU
		{3C5EEF32-9541-440E-A174-EF3D2A140D3B}.Debug|Any CPU.Build.0 = Debug|Any CPU
		{3C5EEF32-9541-440E-A174-EF3D2A140D3B}.Release|Any CPU.ActiveCfg = Release|Any CPU
		{3C5EEF32-9541-440E-A174-EF3D2A140D3B}.Release|Any CPU.Build.0 = Release|Any CPU
		{2D198AC7-3B35-4619-97D7-1DCAE4B4B70C}.Debug|Any CPU.ActiveCfg = Debug|Any CPU
		{2D198AC7-3B35-4619-97D7-1DCAE4B4B70C}.Debug|Any CPU.Build.0 = Debug|Any CPU
		{2D198AC7-3B35-4619-97D7-1DCAE4B4B70C}.Release|Any CPU.ActiveCfg = Release|Any CPU
		{2D198AC7-3B35-4619-97D7-1DCAE4B4B70C}.Release|Any CPU.Build.0 = Release|Any CPU
		{2C8416AD-F7EF-4540-8E65-62CB86F05352}.Debug|Any CPU.ActiveCfg = Debug|Any CPU
		{2C8416AD-F7EF-4540-8E65-62CB86F05352}.Debug|Any CPU.Build.0 = Debug|Any CPU
		{2C8416AD-F7EF-4540-8E65-62CB86F05352}.Release|Any CPU.ActiveCfg = Release|Any CPU
		{2C8416AD-F7EF-4540-8E65-62CB86F05352}.Release|Any CPU.Build.0 = Release|Any CPU
		{BF599224-5E97-424E-BCCC-2B2C50B03FE5}.Debug|Any CPU.ActiveCfg = Debug|Any CPU
		{BF599224-5E97-424E-BCCC-2B2C50B03FE5}.Debug|Any CPU.Build.0 = Debug|Any CPU
		{BF599224-5E97-424E-BCCC-2B2C50B03FE5}.Release|Any CPU.ActiveCfg = Release|Any CPU
		{BF599224-5E97-424E-BCCC-2B2C50B03FE5}.Release|Any CPU.Build.0 = Release|Any CPU
		{72FD7929-5155-47EF-B930-FEB88D2F126B}.Debug|Any CPU.ActiveCfg = Debug|Any CPU
		{72FD7929-5155-47EF-B930-FEB88D2F126B}.Debug|Any CPU.Build.0 = Debug|Any CPU
		{72FD7929-5155-47EF-B930-FEB88D2F126B}.Release|Any CPU.ActiveCfg = Release|Any CPU
		{72FD7929-5155-47EF-B930-FEB88D2F126B}.Release|Any CPU.Build.0 = Release|Any CPU
		{6BF6AC71-11B2-4305-9E9F-B0524F7BC918}.Debug|Any CPU.ActiveCfg = Debug|Any CPU
		{6BF6AC71-11B2-4305-9E9F-B0524F7BC918}.Debug|Any CPU.Build.0 = Debug|Any CPU
		{6BF6AC71-11B2-4305-9E9F-B0524F7BC918}.Release|Any CPU.ActiveCfg = Release|Any CPU
		{6BF6AC71-11B2-4305-9E9F-B0524F7BC918}.Release|Any CPU.Build.0 = Release|Any CPU
		{EEA23434-4A8D-4B7B-BF53-53BD90B8A4FC}.Debug|Any CPU.ActiveCfg = Debug|Any CPU
		{EEA23434-4A8D-4B7B-BF53-53BD90B8A4FC}.Debug|Any CPU.Build.0 = Debug|Any CPU
		{EEA23434-4A8D-4B7B-BF53-53BD90B8A4FC}.Release|Any CPU.ActiveCfg = Release|Any CPU
		{EEA23434-4A8D-4B7B-BF53-53BD90B8A4FC}.Release|Any CPU.Build.0 = Release|Any CPU
		{D816A850-119A-47F2-9090-2A0FDEB32FB2}.Debug|Any CPU.ActiveCfg = Debug|Any CPU
		{D816A850-119A-47F2-9090-2A0FDEB32FB2}.Debug|Any CPU.Build.0 = Debug|Any CPU
		{D816A850-119A-47F2-9090-2A0FDEB32FB2}.Release|Any CPU.ActiveCfg = Release|Any CPU
		{D816A850-119A-47F2-9090-2A0FDEB32FB2}.Release|Any CPU.Build.0 = Release|Any CPU
		{E5432CB5-93B2-429F-A24D-DA907F13D133}.Debug|Any CPU.ActiveCfg = Debug|Any CPU
		{E5432CB5-93B2-429F-A24D-DA907F13D133}.Debug|Any CPU.Build.0 = Debug|Any CPU
		{E5432CB5-93B2-429F-A24D-DA907F13D133}.Debug|Any CPU.Deploy.0 = Debug|Any CPU
		{E5432CB5-93B2-429F-A24D-DA907F13D133}.Release|Any CPU.ActiveCfg = Release|Any CPU
		{E5432CB5-93B2-429F-A24D-DA907F13D133}.Release|Any CPU.Build.0 = Release|Any CPU
		{E5432CB5-93B2-429F-A24D-DA907F13D133}.Release|Any CPU.Deploy.0 = Release|Any CPU
		{C3D3D0A0-B0EE-432C-A797-3B2FBAEF37E2}.Debug|Any CPU.ActiveCfg = Debug|Any CPU
		{C3D3D0A0-B0EE-432C-A797-3B2FBAEF37E2}.Debug|Any CPU.Build.0 = Debug|Any CPU
		{C3D3D0A0-B0EE-432C-A797-3B2FBAEF37E2}.Debug|Any CPU.Deploy.0 = Debug|Any CPU
		{C3D3D0A0-B0EE-432C-A797-3B2FBAEF37E2}.Release|Any CPU.ActiveCfg = Release|Any CPU
		{C3D3D0A0-B0EE-432C-A797-3B2FBAEF37E2}.Release|Any CPU.Build.0 = Release|Any CPU
		{C3D3D0A0-B0EE-432C-A797-3B2FBAEF37E2}.Release|Any CPU.Deploy.0 = Release|Any CPU
		{7EBF1456-15DC-4ACB-93B5-232F105E3C7E}.Debug|Any CPU.ActiveCfg = Debug|Any CPU
		{7EBF1456-15DC-4ACB-93B5-232F105E3C7E}.Debug|Any CPU.Build.0 = Debug|Any CPU
		{7EBF1456-15DC-4ACB-93B5-232F105E3C7E}.Release|Any CPU.ActiveCfg = Release|Any CPU
		{7EBF1456-15DC-4ACB-93B5-232F105E3C7E}.Release|Any CPU.Build.0 = Release|Any CPU
		{2EF19092-5AC5-4AF7-9DE4-2D755D0061E4}.Debug|Any CPU.ActiveCfg = Debug|Any CPU
		{2EF19092-5AC5-4AF7-9DE4-2D755D0061E4}.Debug|Any CPU.Build.0 = Debug|Any CPU
		{2EF19092-5AC5-4AF7-9DE4-2D755D0061E4}.Release|Any CPU.ActiveCfg = Release|Any CPU
		{2EF19092-5AC5-4AF7-9DE4-2D755D0061E4}.Release|Any CPU.Build.0 = Release|Any CPU
		{9D162B45-A52E-47AA-AB3E-915F7F1F0E4C}.Debug|Any CPU.ActiveCfg = Debug|Any CPU
		{9D162B45-A52E-47AA-AB3E-915F7F1F0E4C}.Debug|Any CPU.Build.0 = Debug|Any CPU
		{9D162B45-A52E-47AA-AB3E-915F7F1F0E4C}.Release|Any CPU.ActiveCfg = Release|Any CPU
		{9D162B45-A52E-47AA-AB3E-915F7F1F0E4C}.Release|Any CPU.Build.0 = Release|Any CPU
	EndGlobalSection
	GlobalSection(SolutionProperties) = preSolution
		HideSolutionNode = FALSE
	EndGlobalSection
	GlobalSection(NestedProjects) = preSolution
		{F7717A22-465F-4AC6-B951-5F2D21C60F13} = {6ABD13EF-C246-456C-B87E-3232C61FF2D5}
		{14C9BFF8-1420-4D22-B97F-E2C7476576E7} = {6ABD13EF-C246-456C-B87E-3232C61FF2D5}
		{01339D26-706C-4679-9C62-4401237B8D36} = {6ABD13EF-C246-456C-B87E-3232C61FF2D5}
		{330EC2BE-419F-44AF-9AD4-F442F066A61F} = {6ABD13EF-C246-456C-B87E-3232C61FF2D5}
		{E1AA3AFF-0656-4B29-9575-C730F03FE513} = {330EC2BE-419F-44AF-9AD4-F442F066A61F}
		{4BE0A962-AC15-44C0-A284-CA62BF7242EE} = {330EC2BE-419F-44AF-9AD4-F442F066A61F}
		{EC0F6A64-E2B4-4A24-B732-178EACCA41FA} = {330EC2BE-419F-44AF-9AD4-F442F066A61F}
		{C7A8DDA2-EE2F-48E1-9984-7D5B4A191B12} = {14C9BFF8-1420-4D22-B97F-E2C7476576E7}
		{161A1CDA-B47A-4B55-98C2-A40002A447CD} = {14C9BFF8-1420-4D22-B97F-E2C7476576E7}
		{AD0B3AD8-C4EB-44E1-8F89-2EAC70D23F6F} = {01339D26-706C-4679-9C62-4401237B8D36}
		{B1B9F54D-1B42-4A04-A398-E0D4DAEA71EF} = {01339D26-706C-4679-9C62-4401237B8D36}
		{9A9891B7-C625-4C24-B4D7-08249DFD10AF} = {01339D26-706C-4679-9C62-4401237B8D36}
		{D74DCF3D-9624-4C47-A115-3A00EE4D108D} = {01339D26-706C-4679-9C62-4401237B8D36}
		{3148C820-7DB6-4042-9B73-17FF7E378522} = {01339D26-706C-4679-9C62-4401237B8D36}
		{B1E50BCC-85CB-4581-8A3B-612114F45403} = {01339D26-706C-4679-9C62-4401237B8D36}
		{9AE8C2A1-91BE-437D-8439-862DB3B1AE57} = {9A9891B7-C625-4C24-B4D7-08249DFD10AF}
		{90CE088D-A6A8-4BEF-B072-6028AFCA10F9} = {9A9891B7-C625-4C24-B4D7-08249DFD10AF}
		{4D0DC0D8-A086-40BF-A71A-086A1489D72D} = {9A9891B7-C625-4C24-B4D7-08249DFD10AF}
		{D1FF14BF-C843-4654-B982-D9096EBBD172} = {D74DCF3D-9624-4C47-A115-3A00EE4D108D}
		{FCCDA7A8-862E-4278-8452-A8A83085C4BB} = {D74DCF3D-9624-4C47-A115-3A00EE4D108D}
		{05B16D13-86F6-47F2-98BD-2C05DB7BAF48} = {D74DCF3D-9624-4C47-A115-3A00EE4D108D}
		{C1C7A0DC-C9E9-4CC4-8AC6-97DFF573E7C5} = {B1B9F54D-1B42-4A04-A398-E0D4DAEA71EF}
		{DF717353-9294-4627-B9E5-FE7E1FF6FEE2} = {B1B9F54D-1B42-4A04-A398-E0D4DAEA71EF}
		{3DFCBCB5-CBB4-404A-B2AE-5C00958D39CA} = {B1B9F54D-1B42-4A04-A398-E0D4DAEA71EF}
		{4F833A65-E55E-412A-89DC-96840ECCB3E4} = {3148C820-7DB6-4042-9B73-17FF7E378522}
		{558D9DAC-0EDE-428C-8B9F-1B10A1D14C24} = {3148C820-7DB6-4042-9B73-17FF7E378522}
		{53B1F928-1412-43CE-8B49-1AF3B3B3F6FA} = {3148C820-7DB6-4042-9B73-17FF7E378522}
		{2759AB80-D3BB-48C5-8416-199ECADF2954} = {B1E50BCC-85CB-4581-8A3B-612114F45403}
		{C7B410BC-AEA1-42ED-B5B3-7CF91DA516FD} = {B1E50BCC-85CB-4581-8A3B-612114F45403}
		{D535E143-6CDE-4256-A3B4-A5F2A224981B} = {B1E50BCC-85CB-4581-8A3B-612114F45403}
		{CA0E34C8-365F-4D60-B6F9-383906828579} = {9AE8C2A1-91BE-437D-8439-862DB3B1AE57}
		{A2783199-FAD0-42C2-A1B6-8BADD96D0C7D} = {9AE8C2A1-91BE-437D-8439-862DB3B1AE57}
		{53EDFA3A-BF33-4D7D-8FA5-5BDB0DEA24C8} = {90CE088D-A6A8-4BEF-B072-6028AFCA10F9}
		{6AAD7B20-126A-42FD-A765-20916420494E} = {90CE088D-A6A8-4BEF-B072-6028AFCA10F9}
		{EDDFBBC1-E362-425F-8271-841B824DF80C} = {4D0DC0D8-A086-40BF-A71A-086A1489D72D}
		{A212AA5F-19FD-4F7C-B6FD-0A53946CFE68} = {D1FF14BF-C843-4654-B982-D9096EBBD172}
		{CBBE9C03-06E1-4A87-BC09-354882722BC4} = {D1FF14BF-C843-4654-B982-D9096EBBD172}
		{D24B6E87-B68A-4AC5-A566-2E2BA3DA38E6} = {FCCDA7A8-862E-4278-8452-A8A83085C4BB}
		{3BE6A36E-E7D8-474F-9CEF-FE863AFEB6B2} = {FCCDA7A8-862E-4278-8452-A8A83085C4BB}
		{65F651D2-5FDC-4F98-9C60-77951FCDBC13} = {05B16D13-86F6-47F2-98BD-2C05DB7BAF48}
		{97C50686-B54A-45E9-B6A0-CCA9B2343F1F} = {C1C7A0DC-C9E9-4CC4-8AC6-97DFF573E7C5}
		{79310804-82FE-4525-A553-559DFC6BBBC8} = {C1C7A0DC-C9E9-4CC4-8AC6-97DFF573E7C5}
		{E250CB92-5175-49E8-B753-9BDF723C7758} = {DF717353-9294-4627-B9E5-FE7E1FF6FEE2}
		{57F1ACF9-8A1C-493D-A0F1-48C3784BBD6E} = {DF717353-9294-4627-B9E5-FE7E1FF6FEE2}
		{9ACD144A-5596-4A25-B4E2-F637752B37CF} = {3DFCBCB5-CBB4-404A-B2AE-5C00958D39CA}
		{E5812CB1-BCD0-4A12-ACB0-BD0B522AC4AC} = {4F833A65-E55E-412A-89DC-96840ECCB3E4}
		{C064F4D8-2F52-452E-8462-1348C3D0E842} = {4F833A65-E55E-412A-89DC-96840ECCB3E4}
		{C6903BE7-533E-4106-B609-1CD873D5BBFA} = {558D9DAC-0EDE-428C-8B9F-1B10A1D14C24}
		{EBB633DF-4CCD-4DB0-9E50-4B808F921C2B} = {558D9DAC-0EDE-428C-8B9F-1B10A1D14C24}
		{F0C1D9B7-C230-4ADB-B9D2-8D966AE9E003} = {53B1F928-1412-43CE-8B49-1AF3B3B3F6FA}
		{3C5EEF32-9541-440E-A174-EF3D2A140D3B} = {2759AB80-D3BB-48C5-8416-199ECADF2954}
		{2D198AC7-3B35-4619-97D7-1DCAE4B4B70C} = {2759AB80-D3BB-48C5-8416-199ECADF2954}
		{2C8416AD-F7EF-4540-8E65-62CB86F05352} = {C7B410BC-AEA1-42ED-B5B3-7CF91DA516FD}
		{BF599224-5E97-424E-BCCC-2B2C50B03FE5} = {C7B410BC-AEA1-42ED-B5B3-7CF91DA516FD}
		{72FD7929-5155-47EF-B930-FEB88D2F126B} = {D535E143-6CDE-4256-A3B4-A5F2A224981B}
		{6BF6AC71-11B2-4305-9E9F-B0524F7BC918} = {C7A8DDA2-EE2F-48E1-9984-7D5B4A191B12}
		{EEA23434-4A8D-4B7B-BF53-53BD90B8A4FC} = {161A1CDA-B47A-4B55-98C2-A40002A447CD}
		{D816A850-119A-47F2-9090-2A0FDEB32FB2} = {F7717A22-465F-4AC6-B951-5F2D21C60F13}
		{E5432CB5-93B2-429F-A24D-DA907F13D133} = {4BE0A962-AC15-44C0-A284-CA62BF7242EE}
		{C3D3D0A0-B0EE-432C-A797-3B2FBAEF37E2} = {E1AA3AFF-0656-4B29-9575-C730F03FE513}
		{7EBF1456-15DC-4ACB-93B5-232F105E3C7E} = {EC0F6A64-E2B4-4A24-B732-178EACCA41FA}
		{9D162B45-A52E-47AA-AB3E-915F7F1F0E4C} = {AD0B3AD8-C4EB-44E1-8F89-2EAC70D23F6F}
	EndGlobalSection
	GlobalSection(ExtensibilityGlobals) = postSolution
		SolutionGuid = {1DD50095-EA3E-4D3F-91EA-36656FC10020}
	EndGlobalSection
EndGlobal
