
Microsoft Visual Studio Solution File, Format Version 12.00
# Visual Studio Version 17
VisualStudioVersion = 17.5.33516.290
MinimumVisualStudioVersion = 10.0.40219.1
Project("{2150E333-8FDC-42A3-9474-1A3956D46DE8}") = "src", "src", "{6ABD13EF-C246-456C-B87E-3232C61FF2D5}"
EndProject
Project("{2150E333-8FDC-42A3-9474-1A3956D46DE8}") = "ApiGateways", "ApiGateways", "{F7717A22-465F-4AC6-B951-5F2D21C60F13}"
EndProject
Project("{2150E333-8FDC-42A3-9474-1A3956D46DE8}") = "BuildingBlocks", "BuildingBlocks", "{14C9BFF8-1420-4D22-B97F-E2C7476576E7}"
EndProject
Project("{2150E333-8FDC-42A3-9474-1A3956D46DE8}") = "Services", "Services", "{01339D26-706C-4679-9C62-4401237B8D36}"
EndProject
Project("{2150E333-8FDC-42A3-9474-1A3956D46DE8}") = "WebApps", "WebApps", "{330EC2BE-419F-44AF-9AD4-F442F066A61F}"
EndProject
Project("{2150E333-8FDC-42A3-9474-1A3956D46DE8}") = "React", "React", "{E1AA3AFF-0656-4B29-9575-C730F03FE513}"
EndProject
Project("{2150E333-8FDC-42A3-9474-1A3956D46DE8}") = "Angular", "Angular", "{4BE0A962-AC15-44C0-A284-CA62BF7242EE}"
EndProject
Project("{2150E333-8FDC-42A3-9474-1A3956D46DE8}") = "WebStatus", "WebStatus", "{EC0F6A64-E2B4-4A24-B732-178EACCA41FA}"
EndProject
Project("{2150E333-8FDC-42A3-9474-1A3956D46DE8}") = "Common.Logging", "Common.Logging", "{C7A8DDA2-EE2F-48E1-9984-7D5B4A191B12}"
EndProject
Project("{2150E333-8FDC-42A3-9474-1A3956D46DE8}") = "DashboardService", "DashboardService", "{AD0B3AD8-C4EB-44E1-8F89-2EAC70D23F6F}"
EndProject
Project("{2150E333-8FDC-42A3-9474-1A3956D46DE8}") = "SkillService", "SkillService", "{B1B9F54D-1B42-4A04-A398-E0D4DAEA71EF}"
EndProject
Project("{2150E333-8FDC-42A3-9474-1A3956D46DE8}") = "EntertainmentService", "EntertainmentService", "{9A9891B7-C625-4C24-B4D7-08249DFD10AF}"
EndProject
Project("{2150E333-8FDC-42A3-9474-1A3956D46DE8}") = "LogService", "LogService", "{D74DCF3D-9624-4C47-A115-3A00EE4D108D}"
EndProject
Project("{2150E333-8FDC-42A3-9474-1A3956D46DE8}") = "UserService", "UserService", "{3148C820-7DB6-4042-9B73-17FF7E378522}"
EndProject
Project("{2150E333-8FDC-42A3-9474-1A3956D46DE8}") = "WorkoutService", "WorkoutService", "{B1E50BCC-85CB-4581-8A3B-612114F45403}"
EndProject
Project("{2150E333-8FDC-42A3-9474-1A3956D46DE8}") = "Core", "Core", "{9AE8C2A1-91BE-437D-8439-862DB3B1AE57}"
EndProject
Project("{2150E333-8FDC-42A3-9474-1A3956D46DE8}") = "Infrastructure", "Infrastructure", "{90CE088D-A6A8-4BEF-B072-6028AFCA10F9}"
EndProject
Project("{2150E333-8FDC-42A3-9474-1A3956D46DE8}") = "Presentation", "Presentation", "{4D0DC0D8-A086-40BF-A71A-086A1489D72D}"
EndProject
Project("{2150E333-8FDC-42A3-9474-1A3956D46DE8}") = "Core", "Core", "{C1C7A0DC-C9E9-4CC4-8AC6-97DFF573E7C5}"
EndProject
Project("{2150E333-8FDC-42A3-9474-1A3956D46DE8}") = "Infrastructure", "Infrastructure", "{DF717353-9294-4627-B9E5-FE7E1FF6FEE2}"
EndProject
Project("{2150E333-8FDC-42A3-9474-1A3956D46DE8}") = "Presentation", "Presentation", "{3DFCBCB5-CBB4-404A-B2AE-5C00958D39CA}"
EndProject
Project("{2150E333-8FDC-42A3-9474-1A3956D46DE8}") = "Core", "Core", "{4F833A65-E55E-412A-89DC-96840ECCB3E4}"
EndProject
Project("{2150E333-8FDC-42A3-9474-1A3956D46DE8}") = "Infrastructure", "Infrastructure", "{558D9DAC-0EDE-428C-8B9F-1B10A1D14C24}"
EndProject
Project("{2150E333-8FDC-42A3-9474-1A3956D46DE8}") = "Presentation", "Presentation", "{53B1F928-1412-43CE-8B49-1AF3B3B3F6FA}"
EndProject
Project("{2150E333-8FDC-42A3-9474-1A3956D46DE8}") = "Core", "Core", "{2759AB80-D3BB-48C5-8416-199ECADF2954}"
EndProject
Project("{2150E333-8FDC-42A3-9474-1A3956D46DE8}") = "Infrastructure", "Infrastructure", "{C7B410BC-AEA1-42ED-B5B3-7CF91DA516FD}"
EndProject
Project("{2150E333-8FDC-42A3-9474-1A3956D46DE8}") = "Presentation", "Presentation", "{D535E143-6CDE-4256-A3B4-A5F2A224981B}"
EndProject
Project("{9A19103F-16F7-4668-BE54-9A1E7A4F7556}") = "Entertainment.Domain", "src\Services\EntertainmentService\Core\Entertainment.Domain\Entertainment.Domain.csproj", "{CA0E34C8-365F-4D60-B6F9-383906828579}"
EndProject
Project("{9A19103F-16F7-4668-BE54-9A1E7A4F7556}") = "Entertainment.Application", "src\Services\EntertainmentService\Core\Entertainment.Application\Entertainment.Application.csproj", "{A2783199-FAD0-42C2-A1B6-8BADD96D0C7D}"
EndProject
Project("{9A19103F-16F7-4668-BE54-9A1E7A4F7556}") = "Entertainment.Infrastructure", "src\Services\EntertainmentService\Infrastructure\Entertainment.Infrastructure\Entertainment.Infrastructure.csproj", "{53EDFA3A-BF33-4D7D-8FA5-5BDB0DEA24C8}"
EndProject
Project("{9A19103F-16F7-4668-BE54-9A1E7A4F7556}") = "Entertainment.Persistance", "src\Services\EntertainmentService\Infrastructure\Entertainment.Persistance\Entertainment.Persistance.csproj", "{6AAD7B20-126A-42FD-A765-20916420494E}"
EndProject
Project("{9A19103F-16F7-4668-BE54-9A1E7A4F7556}") = "Entertainment.API", "src\Services\EntertainmentService\Presentation\Entertainment.API\Entertainment.API.csproj", "{EDDFBBC1-E362-425F-8271-841B824DF80C}"
EndProject
Project("{9A19103F-16F7-4668-BE54-9A1E7A4F7556}") = "Skill.Domain", "src\Services\SkillService\Core\Skill.Domain\Skill.Domain.csproj", "{97C50686-B54A-45E9-B6A0-CCA9B2343F1F}"
EndProject
Project("{9A19103F-16F7-4668-BE54-9A1E7A4F7556}") = "Skill.Application", "src\Services\SkillService\Core\Skill.Application\Skill.Application.csproj", "{79310804-82FE-4525-A553-559DFC6BBBC8}"
EndProject
Project("{9A19103F-16F7-4668-BE54-9A1E7A4F7556}") = "Skill.Infrastructure", "src\Services\SkillService\Infrastructure\Skill.Infrastructure\Skill.Infrastructure.csproj", "{E250CB92-5175-49E8-B753-9BDF723C7758}"
EndProject
Project("{9A19103F-16F7-4668-BE54-9A1E7A4F7556}") = "Skill.Persistance", "src\Services\SkillService\Infrastructure\Skill.Persistance\Skill.Persistance.csproj", "{57F1ACF9-8A1C-493D-A0F1-48C3784BBD6E}"
EndProject
Project("{9A19103F-16F7-4668-BE54-9A1E7A4F7556}") = "Skill.API", "src\Services\SkillService\Presentation\Skill.API\Skill.API.csproj", "{9ACD144A-5596-4A25-B4E2-F637752B37CF}"
EndProject
Project("{9A19103F-16F7-4668-BE54-9A1E7A4F7556}") = "User.Domain", "src\Services\UserService\Core\User.Domain\User.Domain.csproj", "{E5812CB1-BCD0-4A12-ACB0-BD0B522AC4AC}"
EndProject
Project("{9A19103F-16F7-4668-BE54-9A1E7A4F7556}") = "User.Application", "src\Services\UserService\Core\User.Application\User.Application.csproj", "{C064F4D8-2F52-452E-8462-1348C3D0E842}"
EndProject
Project("{9A19103F-16F7-4668-BE54-9A1E7A4F7556}") = "User.Infrastructure", "src\Services\UserService\Infrastructure\User.Infrastructure\User.Infrastructure.csproj", "{C6903BE7-533E-4106-B609-1CD873D5BBFA}"
EndProject
Project("{9A19103F-16F7-4668-BE54-9A1E7A4F7556}") = "User.Persistance", "src\Services\UserService\Infrastructure\User.Persistance\User.Persistance.csproj", "{EBB633DF-4CCD-4DB0-9E50-4B808F921C2B}"
EndProject
Project("{9A19103F-16F7-4668-BE54-9A1E7A4F7556}") = "Workout.Domain", "src\Services\WorkoutService\Core\Workout.Domain\Workout.Domain.csproj", "{3C5EEF32-9541-440E-A174-EF3D2A140D3B}"
EndProject
Project("{9A19103F-16F7-4668-BE54-9A1E7A4F7556}") = "Workout.Application", "src\Services\WorkoutService\Core\Workout.Application\Workout.Application.csproj", "{2D198AC7-3B35-4619-97D7-1DCAE4B4B70C}"
EndProject
Project("{9A19103F-16F7-4668-BE54-9A1E7A4F7556}") = "Workout.Infrastructure", "src\Services\WorkoutService\Infrastructure\Workout.Infrastructure\Workout.Infrastructure.csproj", "{2C8416AD-F7EF-4540-8E65-62CB86F05352}"
EndProject
Project("{9A19103F-16F7-4668-BE54-9A1E7A4F7556}") = "Workout.Persistance", "src\Services\WorkoutService\Infrastructure\Workout.Persistance\Workout.Persistance.csproj", "{BF599224-5E97-424E-BCCC-2B2C50B03FE5}"
EndProject
Project("{9A19103F-16F7-4668-BE54-9A1E7A4F7556}") = "Workout.API", "src\Services\WorkoutService\Presentation\Workout.API\Workout.API.csproj", "{72FD7929-5155-47EF-B930-FEB88D2F126B}"
EndProject
Project("{9A19103F-16F7-4668-BE54-9A1E7A4F7556}") = "Common.Logging", "src\BuildingBlocks\Common.Logging\Common.Logging\Common.Logging.csproj", "{6BF6AC71-11B2-4305-9E9F-B0524F7BC918}"
EndProject
Project("{9A19103F-16F7-4668-BE54-9A1E7A4F7556}") = "OcelotAPIGateway", "src\ApiGateways\OcelotAPIGateway\OcelotAPIGateway.csproj", "{D816A850-119A-47F2-9090-2A0FDEB32FB2}"
EndProject
Project("{54A90642-561A-4BB1-A94E-469ADEE60C69}") = "AdminClient", "src\WebApps\Angular\AdminClient\AdminClient.esproj", "{E5432CB5-93B2-429F-A24D-DA907F13D133}"
EndProject
Project("{54A90642-561A-4BB1-A94E-469ADEE60C69}") = "userclient", "src\WebApps\React\UserClient\userclient.esproj", "{C3D3D0A0-B0EE-432C-A797-3B2FBAEF37E2}"
EndProject
Project("{9A19103F-16F7-4668-BE54-9A1E7A4F7556}") = "HealthCheck", "src\WebApps\WebStatus\HealthCheck\HealthCheck.csproj", "{7EBF1456-15DC-4ACB-93B5-232F105E3C7E}"
EndProject
Project("{E53339B2-1760-4266-BCC7-CA923CBCF16C}") = "docker-compose", "docker-compose.dcproj", "{2EF19092-5AC5-4AF7-9DE4-2D755D0061E4}"
EndProject
Project("{9A19103F-16F7-4668-BE54-9A1E7A4F7556}") = "Dashboard.Aggregator", "src\Services\DashboardService\Dashboard.Aggregator\Dashboard.Aggregator.csproj", "{9D162B45-A52E-47AA-AB3E-915F7F1F0E4C}"
EndProject
Project("{9A19103F-16F7-4668-BE54-9A1E7A4F7556}") = "IdentityServer", "src\Services\UserService\Presentation\IdentityServer\IdentityServer.csproj", "{25B4FE43-A402-4137-85C9-7744ED1CC299}"
EndProject
Project("{2150E333-8FDC-42A3-9474-1A3956D46DE8}") = "MealService", "MealService", "{94F277BA-B9B5-4EE6-A89E-C1254C3ED3FC}"
EndProject
Project("{2150E333-8FDC-42A3-9474-1A3956D46DE8}") = "Domain", "Domain", "{EF1DFD16-816E-4C0F-BA7E-9E7F0D259A1C}"
EndProject
Project("{2150E333-8FDC-42A3-9474-1A3956D46DE8}") = "Infrastructure", "Infrastructure", "{2796B42A-6B5A-4B8E-AA3A-6AF24BCCFB8B}"
EndProject
Project("{2150E333-8FDC-42A3-9474-1A3956D46DE8}") = "Application", "Application", "{40229488-24B2-4649-8E3C-BFB81E338B5D}"
EndProject
Project("{2150E333-8FDC-42A3-9474-1A3956D46DE8}") = "API", "API", "{C9E05AEB-7CDF-4F9B-B9BB-9868BACB9C07}"
EndProject
Project("{2150E333-8FDC-42A3-9474-1A3956D46DE8}") = "AutoMapper", "AutoMapper", "{0F8A2382-9D51-4338-952A-391F1621A915}"
EndProject
Project("{9A19103F-16F7-4668-BE54-9A1E7A4F7556}") = "Meal.Application", "src\Services\MealService\Application\Meal.Application\Meal.Application.csproj", "{A695879B-9023-43C1-B37A-CA90B50D9A1D}"
EndProject
Project("{9A19103F-16F7-4668-BE54-9A1E7A4F7556}") = "Meal.Domain", "src\Services\MealService\Domain\Meal.Domain\Meal.Domain.csproj", "{3560113A-C588-4467-965B-59E84360C384}"
EndProject
Project("{9A19103F-16F7-4668-BE54-9A1E7A4F7556}") = "Meal.Infrastructure", "src\Services\MealService\Infrastructure\Meal.Infrastructure\Meal.Infrastructure.csproj", "{1AC2ECCB-0578-4A2C-915B-3BA3042EF2C3}"
EndProject
Project("{9A19103F-16F7-4668-BE54-9A1E7A4F7556}") = "Meal.API", "src\Services\MealService\API\Meal.API\Meal.API.csproj", "{74773F87-AC09-43B8-BD9D-2ECFAC1CA9BB}"
EndProject
Project("{9A19103F-16F7-4668-BE54-9A1E7A4F7556}") = "Meal.Mapper", "src\Services\MealService\AutoMapper\Meal.Mapper\Meal.Mapper.csproj", "{864651C7-5298-4234-88F9-2CC1081D1192}"
EndProject
Project("{2150E333-8FDC-42A3-9474-1A3956D46DE8}") = "Home", "Home", "{D7E3961D-70E2-4661-9D18-0F513D8B0825}"
EndProject
Project("{9A19103F-16F7-4668-BE54-9A1E7A4F7556}") = "HomePages", "src\WebApps\Blazor\HomePages\HomePages.csproj", "{787DED29-B01F-47D8-90F4-3219E801DF78}"
EndProject
Project("{2150E333-8FDC-42A3-9474-1A3956D46DE8}") = "BudgetService", "BudgetService", "{B72DD423-753F-4B31-9C0A-8164FE81CEDF}"
EndProject
Project("{2150E333-8FDC-42A3-9474-1A3956D46DE8}") = "Core", "Core", "{FF333F3F-E293-4D6E-8761-2086217B5CD8}"
EndProject
Project("{2150E333-8FDC-42A3-9474-1A3956D46DE8}") = "Infrastructure", "Infrastructure", "{A370FD15-B143-40F6-B5A3-3B72ECCE322D}"
EndProject
Project("{2150E333-8FDC-42A3-9474-1A3956D46DE8}") = "Presentation", "Presentation", "{FB2BB3CA-8757-46C7-9640-0D0DE1FE498E}"
EndProject
Project("{9A19103F-16F7-4668-BE54-9A1E7A4F7556}") = "Budget.Domain", "src\Services\BudgetService\Core\Budget.Domain\Budget.Domain.csproj", "{476EF650-1025-42F3-95BB-DAF25BBC7FFB}"
EndProject
Project("{9A19103F-16F7-4668-BE54-9A1E7A4F7556}") = "Budget.Application", "src\Services\BudgetService\Core\Budget.Application\Budget.Application.csproj", "{92EBBE0E-6A5C-4A4A-BD6D-4CCD2C4B4858}"
EndProject
Project("{9A19103F-16F7-4668-BE54-9A1E7A4F7556}") = "Budget.Infrastructure", "src\Services\BudgetService\Infrastructure\Budget.Infrastructure\Budget.Infrastructure.csproj", "{1F06652C-21DF-48C5-B0CE-B4D70839577E}"
EndProject
Project("{9A19103F-16F7-4668-BE54-9A1E7A4F7556}") = "Budget.Persistance", "src\Services\BudgetService\Infrastructure\Budget.Persistance\Budget.Persistance.csproj", "{60A0ABA3-F8AC-44DE-AD65-2AE3D08715D6}"
EndProject
Project("{9A19103F-16F7-4668-BE54-9A1E7A4F7556}") = "Budget.API", "src\Services\BudgetService\Presentation\Budget.API\Budget.API.csproj", "{DDF6233A-89D5-456D-A6DE-4CBDB528FDB5}"
EndProject
Project("{9A19103F-16F7-4668-BE54-9A1E7A4F7556}") = "Log.API", "src\Services\LogService\Log.API\Log.API.csproj", "{2100F66C-BC8E-44C9-A7F1-502BD36AA00F}"
EndProject
Project("{2150E333-8FDC-42A3-9474-1A3956D46DE8}") = "Common.Caching", "Common.Caching", "{9BC2E65A-9A35-412F-92B5-BFCF5412D01F}"
EndProject
Project("{9A19103F-16F7-4668-BE54-9A1E7A4F7556}") = "Common.Caching", "src\BuildingBlocks\Common.Caching\Common.Caching\Common.Caching.csproj", "{43234072-F7CE-4844-B659-A651B218242E}"
EndProject
Global
	GlobalSection(SolutionConfigurationPlatforms) = preSolution
		Debug|Any CPU = Debug|Any CPU
		Release|Any CPU = Release|Any CPU
	EndGlobalSection
	GlobalSection(ProjectConfigurationPlatforms) = postSolution
		{CA0E34C8-365F-4D60-B6F9-383906828579}.Debug|Any CPU.ActiveCfg = Debug|Any CPU
		{CA0E34C8-365F-4D60-B6F9-383906828579}.Debug|Any CPU.Build.0 = Debug|Any CPU
		{CA0E34C8-365F-4D60-B6F9-383906828579}.Release|Any CPU.ActiveCfg = Release|Any CPU
		{CA0E34C8-365F-4D60-B6F9-383906828579}.Release|Any CPU.Build.0 = Release|Any CPU
		{A2783199-FAD0-42C2-A1B6-8BADD96D0C7D}.Debug|Any CPU.ActiveCfg = Debug|Any CPU
		{A2783199-FAD0-42C2-A1B6-8BADD96D0C7D}.Debug|Any CPU.Build.0 = Debug|Any CPU
		{A2783199-FAD0-42C2-A1B6-8BADD96D0C7D}.Release|Any CPU.ActiveCfg = Release|Any CPU
		{A2783199-FAD0-42C2-A1B6-8BADD96D0C7D}.Release|Any CPU.Build.0 = Release|Any CPU
		{53EDFA3A-BF33-4D7D-8FA5-5BDB0DEA24C8}.Debug|Any CPU.ActiveCfg = Debug|Any CPU
		{53EDFA3A-BF33-4D7D-8FA5-5BDB0DEA24C8}.Debug|Any CPU.Build.0 = Debug|Any CPU
		{53EDFA3A-BF33-4D7D-8FA5-5BDB0DEA24C8}.Release|Any CPU.ActiveCfg = Release|Any CPU
		{53EDFA3A-BF33-4D7D-8FA5-5BDB0DEA24C8}.Release|Any CPU.Build.0 = Release|Any CPU
		{6AAD7B20-126A-42FD-A765-20916420494E}.Debug|Any CPU.ActiveCfg = Debug|Any CPU
		{6AAD7B20-126A-42FD-A765-20916420494E}.Debug|Any CPU.Build.0 = Debug|Any CPU
		{6AAD7B20-126A-42FD-A765-20916420494E}.Release|Any CPU.ActiveCfg = Release|Any CPU
		{6AAD7B20-126A-42FD-A765-20916420494E}.Release|Any CPU.Build.0 = Release|Any CPU
		{EDDFBBC1-E362-425F-8271-841B824DF80C}.Debug|Any CPU.ActiveCfg = Debug|Any CPU
		{EDDFBBC1-E362-425F-8271-841B824DF80C}.Debug|Any CPU.Build.0 = Debug|Any CPU
		{EDDFBBC1-E362-425F-8271-841B824DF80C}.Release|Any CPU.ActiveCfg = Release|Any CPU
		{EDDFBBC1-E362-425F-8271-841B824DF80C}.Release|Any CPU.Build.0 = Release|Any CPU
		{97C50686-B54A-45E9-B6A0-CCA9B2343F1F}.Debug|Any CPU.ActiveCfg = Debug|Any CPU
		{97C50686-B54A-45E9-B6A0-CCA9B2343F1F}.Debug|Any CPU.Build.0 = Debug|Any CPU
		{97C50686-B54A-45E9-B6A0-CCA9B2343F1F}.Release|Any CPU.ActiveCfg = Release|Any CPU
		{97C50686-B54A-45E9-B6A0-CCA9B2343F1F}.Release|Any CPU.Build.0 = Release|Any CPU
		{79310804-82FE-4525-A553-559DFC6BBBC8}.Debug|Any CPU.ActiveCfg = Debug|Any CPU
		{79310804-82FE-4525-A553-559DFC6BBBC8}.Debug|Any CPU.Build.0 = Debug|Any CPU
		{79310804-82FE-4525-A553-559DFC6BBBC8}.Release|Any CPU.ActiveCfg = Release|Any CPU
		{79310804-82FE-4525-A553-559DFC6BBBC8}.Release|Any CPU.Build.0 = Release|Any CPU
		{E250CB92-5175-49E8-B753-9BDF723C7758}.Debug|Any CPU.ActiveCfg = Debug|Any CPU
		{E250CB92-5175-49E8-B753-9BDF723C7758}.Debug|Any CPU.Build.0 = Debug|Any CPU
		{E250CB92-5175-49E8-B753-9BDF723C7758}.Release|Any CPU.ActiveCfg = Release|Any CPU
		{E250CB92-5175-49E8-B753-9BDF723C7758}.Release|Any CPU.Build.0 = Release|Any CPU
		{57F1ACF9-8A1C-493D-A0F1-48C3784BBD6E}.Debug|Any CPU.ActiveCfg = Debug|Any CPU
		{57F1ACF9-8A1C-493D-A0F1-48C3784BBD6E}.Debug|Any CPU.Build.0 = Debug|Any CPU
		{57F1ACF9-8A1C-493D-A0F1-48C3784BBD6E}.Release|Any CPU.ActiveCfg = Release|Any CPU
		{57F1ACF9-8A1C-493D-A0F1-48C3784BBD6E}.Release|Any CPU.Build.0 = Release|Any CPU
		{9ACD144A-5596-4A25-B4E2-F637752B37CF}.Debug|Any CPU.ActiveCfg = Debug|Any CPU
		{9ACD144A-5596-4A25-B4E2-F637752B37CF}.Debug|Any CPU.Build.0 = Debug|Any CPU
		{9ACD144A-5596-4A25-B4E2-F637752B37CF}.Release|Any CPU.ActiveCfg = Release|Any CPU
		{9ACD144A-5596-4A25-B4E2-F637752B37CF}.Release|Any CPU.Build.0 = Release|Any CPU
		{E5812CB1-BCD0-4A12-ACB0-BD0B522AC4AC}.Debug|Any CPU.ActiveCfg = Debug|Any CPU
		{E5812CB1-BCD0-4A12-ACB0-BD0B522AC4AC}.Debug|Any CPU.Build.0 = Debug|Any CPU
		{E5812CB1-BCD0-4A12-ACB0-BD0B522AC4AC}.Release|Any CPU.ActiveCfg = Release|Any CPU
		{E5812CB1-BCD0-4A12-ACB0-BD0B522AC4AC}.Release|Any CPU.Build.0 = Release|Any CPU
		{C064F4D8-2F52-452E-8462-1348C3D0E842}.Debug|Any CPU.ActiveCfg = Debug|Any CPU
		{C064F4D8-2F52-452E-8462-1348C3D0E842}.Debug|Any CPU.Build.0 = Debug|Any CPU
		{C064F4D8-2F52-452E-8462-1348C3D0E842}.Release|Any CPU.ActiveCfg = Release|Any CPU
		{C064F4D8-2F52-452E-8462-1348C3D0E842}.Release|Any CPU.Build.0 = Release|Any CPU
		{C6903BE7-533E-4106-B609-1CD873D5BBFA}.Debug|Any CPU.ActiveCfg = Debug|Any CPU
		{C6903BE7-533E-4106-B609-1CD873D5BBFA}.Debug|Any CPU.Build.0 = Debug|Any CPU
		{C6903BE7-533E-4106-B609-1CD873D5BBFA}.Release|Any CPU.ActiveCfg = Release|Any CPU
		{C6903BE7-533E-4106-B609-1CD873D5BBFA}.Release|Any CPU.Build.0 = Release|Any CPU
		{EBB633DF-4CCD-4DB0-9E50-4B808F921C2B}.Debug|Any CPU.ActiveCfg = Debug|Any CPU
		{EBB633DF-4CCD-4DB0-9E50-4B808F921C2B}.Debug|Any CPU.Build.0 = Debug|Any CPU
		{EBB633DF-4CCD-4DB0-9E50-4B808F921C2B}.Release|Any CPU.ActiveCfg = Release|Any CPU
		{EBB633DF-4CCD-4DB0-9E50-4B808F921C2B}.Release|Any CPU.Build.0 = Release|Any CPU
		{3C5EEF32-9541-440E-A174-EF3D2A140D3B}.Debug|Any CPU.ActiveCfg = Debug|Any CPU
		{3C5EEF32-9541-440E-A174-EF3D2A140D3B}.Debug|Any CPU.Build.0 = Debug|Any CPU
		{3C5EEF32-9541-440E-A174-EF3D2A140D3B}.Release|Any CPU.ActiveCfg = Release|Any CPU
		{3C5EEF32-9541-440E-A174-EF3D2A140D3B}.Release|Any CPU.Build.0 = Release|Any CPU
		{2D198AC7-3B35-4619-97D7-1DCAE4B4B70C}.Debug|Any CPU.ActiveCfg = Debug|Any CPU
		{2D198AC7-3B35-4619-97D7-1DCAE4B4B70C}.Debug|Any CPU.Build.0 = Debug|Any CPU
		{2D198AC7-3B35-4619-97D7-1DCAE4B4B70C}.Release|Any CPU.ActiveCfg = Release|Any CPU
		{2D198AC7-3B35-4619-97D7-1DCAE4B4B70C}.Release|Any CPU.Build.0 = Release|Any CPU
		{2C8416AD-F7EF-4540-8E65-62CB86F05352}.Debug|Any CPU.ActiveCfg = Debug|Any CPU
		{2C8416AD-F7EF-4540-8E65-62CB86F05352}.Debug|Any CPU.Build.0 = Debug|Any CPU
		{2C8416AD-F7EF-4540-8E65-62CB86F05352}.Release|Any CPU.ActiveCfg = Release|Any CPU
		{2C8416AD-F7EF-4540-8E65-62CB86F05352}.Release|Any CPU.Build.0 = Release|Any CPU
		{BF599224-5E97-424E-BCCC-2B2C50B03FE5}.Debug|Any CPU.ActiveCfg = Debug|Any CPU
		{BF599224-5E97-424E-BCCC-2B2C50B03FE5}.Debug|Any CPU.Build.0 = Debug|Any CPU
		{BF599224-5E97-424E-BCCC-2B2C50B03FE5}.Release|Any CPU.ActiveCfg = Release|Any CPU
		{BF599224-5E97-424E-BCCC-2B2C50B03FE5}.Release|Any CPU.Build.0 = Release|Any CPU
		{72FD7929-5155-47EF-B930-FEB88D2F126B}.Debug|Any CPU.ActiveCfg = Debug|Any CPU
		{72FD7929-5155-47EF-B930-FEB88D2F126B}.Debug|Any CPU.Build.0 = Debug|Any CPU
		{72FD7929-5155-47EF-B930-FEB88D2F126B}.Release|Any CPU.ActiveCfg = Release|Any CPU
		{72FD7929-5155-47EF-B930-FEB88D2F126B}.Release|Any CPU.Build.0 = Release|Any CPU
		{6BF6AC71-11B2-4305-9E9F-B0524F7BC918}.Debug|Any CPU.ActiveCfg = Debug|Any CPU
		{6BF6AC71-11B2-4305-9E9F-B0524F7BC918}.Debug|Any CPU.Build.0 = Debug|Any CPU
		{6BF6AC71-11B2-4305-9E9F-B0524F7BC918}.Release|Any CPU.ActiveCfg = Release|Any CPU
		{6BF6AC71-11B2-4305-9E9F-B0524F7BC918}.Release|Any CPU.Build.0 = Release|Any CPU
		{D816A850-119A-47F2-9090-2A0FDEB32FB2}.Debug|Any CPU.ActiveCfg = Debug|Any CPU
		{D816A850-119A-47F2-9090-2A0FDEB32FB2}.Debug|Any CPU.Build.0 = Debug|Any CPU
		{D816A850-119A-47F2-9090-2A0FDEB32FB2}.Release|Any CPU.ActiveCfg = Release|Any CPU
		{D816A850-119A-47F2-9090-2A0FDEB32FB2}.Release|Any CPU.Build.0 = Release|Any CPU
		{E5432CB5-93B2-429F-A24D-DA907F13D133}.Debug|Any CPU.ActiveCfg = Debug|Any CPU
		{E5432CB5-93B2-429F-A24D-DA907F13D133}.Debug|Any CPU.Build.0 = Debug|Any CPU
		{E5432CB5-93B2-429F-A24D-DA907F13D133}.Debug|Any CPU.Deploy.0 = Debug|Any CPU
		{E5432CB5-93B2-429F-A24D-DA907F13D133}.Release|Any CPU.ActiveCfg = Release|Any CPU
		{E5432CB5-93B2-429F-A24D-DA907F13D133}.Release|Any CPU.Build.0 = Release|Any CPU
		{E5432CB5-93B2-429F-A24D-DA907F13D133}.Release|Any CPU.Deploy.0 = Release|Any CPU
		{C3D3D0A0-B0EE-432C-A797-3B2FBAEF37E2}.Debug|Any CPU.ActiveCfg = Debug|Any CPU
		{C3D3D0A0-B0EE-432C-A797-3B2FBAEF37E2}.Debug|Any CPU.Build.0 = Debug|Any CPU
		{C3D3D0A0-B0EE-432C-A797-3B2FBAEF37E2}.Debug|Any CPU.Deploy.0 = Debug|Any CPU
		{C3D3D0A0-B0EE-432C-A797-3B2FBAEF37E2}.Release|Any CPU.ActiveCfg = Release|Any CPU
		{C3D3D0A0-B0EE-432C-A797-3B2FBAEF37E2}.Release|Any CPU.Build.0 = Release|Any CPU
		{C3D3D0A0-B0EE-432C-A797-3B2FBAEF37E2}.Release|Any CPU.Deploy.0 = Release|Any CPU
		{7EBF1456-15DC-4ACB-93B5-232F105E3C7E}.Debug|Any CPU.ActiveCfg = Debug|Any CPU
		{7EBF1456-15DC-4ACB-93B5-232F105E3C7E}.Debug|Any CPU.Build.0 = Debug|Any CPU
		{7EBF1456-15DC-4ACB-93B5-232F105E3C7E}.Release|Any CPU.ActiveCfg = Release|Any CPU
		{7EBF1456-15DC-4ACB-93B5-232F105E3C7E}.Release|Any CPU.Build.0 = Release|Any CPU
		{2EF19092-5AC5-4AF7-9DE4-2D755D0061E4}.Debug|Any CPU.ActiveCfg = Debug|Any CPU
		{2EF19092-5AC5-4AF7-9DE4-2D755D0061E4}.Debug|Any CPU.Build.0 = Debug|Any CPU
		{2EF19092-5AC5-4AF7-9DE4-2D755D0061E4}.Release|Any CPU.ActiveCfg = Release|Any CPU
		{2EF19092-5AC5-4AF7-9DE4-2D755D0061E4}.Release|Any CPU.Build.0 = Release|Any CPU
		{9D162B45-A52E-47AA-AB3E-915F7F1F0E4C}.Debug|Any CPU.ActiveCfg = Debug|Any CPU
		{9D162B45-A52E-47AA-AB3E-915F7F1F0E4C}.Debug|Any CPU.Build.0 = Debug|Any CPU
		{9D162B45-A52E-47AA-AB3E-915F7F1F0E4C}.Release|Any CPU.ActiveCfg = Release|Any CPU
		{9D162B45-A52E-47AA-AB3E-915F7F1F0E4C}.Release|Any CPU.Build.0 = Release|Any CPU
		{25B4FE43-A402-4137-85C9-7744ED1CC299}.Debug|Any CPU.ActiveCfg = Debug|Any CPU
		{25B4FE43-A402-4137-85C9-7744ED1CC299}.Debug|Any CPU.Build.0 = Debug|Any CPU
		{25B4FE43-A402-4137-85C9-7744ED1CC299}.Release|Any CPU.ActiveCfg = Release|Any CPU
		{25B4FE43-A402-4137-85C9-7744ED1CC299}.Release|Any CPU.Build.0 = Release|Any CPU
		{A695879B-9023-43C1-B37A-CA90B50D9A1D}.Debug|Any CPU.ActiveCfg = Debug|Any CPU
		{A695879B-9023-43C1-B37A-CA90B50D9A1D}.Debug|Any CPU.Build.0 = Debug|Any CPU
		{A695879B-9023-43C1-B37A-CA90B50D9A1D}.Release|Any CPU.ActiveCfg = Release|Any CPU
		{A695879B-9023-43C1-B37A-CA90B50D9A1D}.Release|Any CPU.Build.0 = Release|Any CPU
		{3560113A-C588-4467-965B-59E84360C384}.Debug|Any CPU.ActiveCfg = Debug|Any CPU
		{3560113A-C588-4467-965B-59E84360C384}.Debug|Any CPU.Build.0 = Debug|Any CPU
		{3560113A-C588-4467-965B-59E84360C384}.Release|Any CPU.ActiveCfg = Release|Any CPU
		{3560113A-C588-4467-965B-59E84360C384}.Release|Any CPU.Build.0 = Release|Any CPU
		{1AC2ECCB-0578-4A2C-915B-3BA3042EF2C3}.Debug|Any CPU.ActiveCfg = Debug|Any CPU
		{1AC2ECCB-0578-4A2C-915B-3BA3042EF2C3}.Debug|Any CPU.Build.0 = Debug|Any CPU
		{1AC2ECCB-0578-4A2C-915B-3BA3042EF2C3}.Release|Any CPU.ActiveCfg = Release|Any CPU
		{1AC2ECCB-0578-4A2C-915B-3BA3042EF2C3}.Release|Any CPU.Build.0 = Release|Any CPU
		{74773F87-AC09-43B8-BD9D-2ECFAC1CA9BB}.Debug|Any CPU.ActiveCfg = Debug|Any CPU
		{74773F87-AC09-43B8-BD9D-2ECFAC1CA9BB}.Debug|Any CPU.Build.0 = Debug|Any CPU
		{74773F87-AC09-43B8-BD9D-2ECFAC1CA9BB}.Release|Any CPU.ActiveCfg = Release|Any CPU
		{74773F87-AC09-43B8-BD9D-2ECFAC1CA9BB}.Release|Any CPU.Build.0 = Release|Any CPU
		{864651C7-5298-4234-88F9-2CC1081D1192}.Debug|Any CPU.ActiveCfg = Debug|Any CPU
		{864651C7-5298-4234-88F9-2CC1081D1192}.Debug|Any CPU.Build.0 = Debug|Any CPU
		{864651C7-5298-4234-88F9-2CC1081D1192}.Release|Any CPU.ActiveCfg = Release|Any CPU
		{864651C7-5298-4234-88F9-2CC1081D1192}.Release|Any CPU.Build.0 = Release|Any CPU
		{787DED29-B01F-47D8-90F4-3219E801DF78}.Debug|Any CPU.ActiveCfg = Debug|Any CPU
		{787DED29-B01F-47D8-90F4-3219E801DF78}.Debug|Any CPU.Build.0 = Debug|Any CPU
		{787DED29-B01F-47D8-90F4-3219E801DF78}.Release|Any CPU.ActiveCfg = Release|Any CPU
		{787DED29-B01F-47D8-90F4-3219E801DF78}.Release|Any CPU.Build.0 = Release|Any CPU
		{476EF650-1025-42F3-95BB-DAF25BBC7FFB}.Debug|Any CPU.ActiveCfg = Debug|Any CPU
		{476EF650-1025-42F3-95BB-DAF25BBC7FFB}.Debug|Any CPU.Build.0 = Debug|Any CPU
		{476EF650-1025-42F3-95BB-DAF25BBC7FFB}.Release|Any CPU.ActiveCfg = Release|Any CPU
		{476EF650-1025-42F3-95BB-DAF25BBC7FFB}.Release|Any CPU.Build.0 = Release|Any CPU
		{92EBBE0E-6A5C-4A4A-BD6D-4CCD2C4B4858}.Debug|Any CPU.ActiveCfg = Debug|Any CPU
		{92EBBE0E-6A5C-4A4A-BD6D-4CCD2C4B4858}.Debug|Any CPU.Build.0 = Debug|Any CPU
		{92EBBE0E-6A5C-4A4A-BD6D-4CCD2C4B4858}.Release|Any CPU.ActiveCfg = Release|Any CPU
		{92EBBE0E-6A5C-4A4A-BD6D-4CCD2C4B4858}.Release|Any CPU.Build.0 = Release|Any CPU
		{1F06652C-21DF-48C5-B0CE-B4D70839577E}.Debug|Any CPU.ActiveCfg = Debug|Any CPU
		{1F06652C-21DF-48C5-B0CE-B4D70839577E}.Debug|Any CPU.Build.0 = Debug|Any CPU
		{1F06652C-21DF-48C5-B0CE-B4D70839577E}.Release|Any CPU.ActiveCfg = Release|Any CPU
		{1F06652C-21DF-48C5-B0CE-B4D70839577E}.Release|Any CPU.Build.0 = Release|Any CPU
		{60A0ABA3-F8AC-44DE-AD65-2AE3D08715D6}.Debug|Any CPU.ActiveCfg = Debug|Any CPU
		{60A0ABA3-F8AC-44DE-AD65-2AE3D08715D6}.Debug|Any CPU.Build.0 = Debug|Any CPU
		{60A0ABA3-F8AC-44DE-AD65-2AE3D08715D6}.Release|Any CPU.ActiveCfg = Release|Any CPU
		{60A0ABA3-F8AC-44DE-AD65-2AE3D08715D6}.Release|Any CPU.Build.0 = Release|Any CPU
		{DDF6233A-89D5-456D-A6DE-4CBDB528FDB5}.Debug|Any CPU.ActiveCfg = Debug|Any CPU
		{DDF6233A-89D5-456D-A6DE-4CBDB528FDB5}.Debug|Any CPU.Build.0 = Debug|Any CPU
		{DDF6233A-89D5-456D-A6DE-4CBDB528FDB5}.Release|Any CPU.ActiveCfg = Release|Any CPU
		{DDF6233A-89D5-456D-A6DE-4CBDB528FDB5}.Release|Any CPU.Build.0 = Release|Any CPU
		{2100F66C-BC8E-44C9-A7F1-502BD36AA00F}.Debug|Any CPU.ActiveCfg = Debug|Any CPU
		{2100F66C-BC8E-44C9-A7F1-502BD36AA00F}.Debug|Any CPU.Build.0 = Debug|Any CPU
		{2100F66C-BC8E-44C9-A7F1-502BD36AA00F}.Release|Any CPU.ActiveCfg = Release|Any CPU
		{2100F66C-BC8E-44C9-A7F1-502BD36AA00F}.Release|Any CPU.Build.0 = Release|Any CPU
		{43234072-F7CE-4844-B659-A651B218242E}.Debug|Any CPU.ActiveCfg = Debug|Any CPU
		{43234072-F7CE-4844-B659-A651B218242E}.Debug|Any CPU.Build.0 = Debug|Any CPU
		{43234072-F7CE-4844-B659-A651B218242E}.Release|Any CPU.ActiveCfg = Release|Any CPU
		{43234072-F7CE-4844-B659-A651B218242E}.Release|Any CPU.Build.0 = Release|Any CPU
	EndGlobalSection
	GlobalSection(SolutionProperties) = preSolution
		HideSolutionNode = FALSE
	EndGlobalSection
	GlobalSection(NestedProjects) = preSolution
		{F7717A22-465F-4AC6-B951-5F2D21C60F13} = {6ABD13EF-C246-456C-B87E-3232C61FF2D5}
		{14C9BFF8-1420-4D22-B97F-E2C7476576E7} = {6ABD13EF-C246-456C-B87E-3232C61FF2D5}
		{01339D26-706C-4679-9C62-4401237B8D36} = {6ABD13EF-C246-456C-B87E-3232C61FF2D5}
		{330EC2BE-419F-44AF-9AD4-F442F066A61F} = {6ABD13EF-C246-456C-B87E-3232C61FF2D5}
		{E1AA3AFF-0656-4B29-9575-C730F03FE513} = {330EC2BE-419F-44AF-9AD4-F442F066A61F}
		{4BE0A962-AC15-44C0-A284-CA62BF7242EE} = {330EC2BE-419F-44AF-9AD4-F442F066A61F}
		{EC0F6A64-E2B4-4A24-B732-178EACCA41FA} = {330EC2BE-419F-44AF-9AD4-F442F066A61F}
		{C7A8DDA2-EE2F-48E1-9984-7D5B4A191B12} = {14C9BFF8-1420-4D22-B97F-E2C7476576E7}
		{AD0B3AD8-C4EB-44E1-8F89-2EAC70D23F6F} = {01339D26-706C-4679-9C62-4401237B8D36}
		{B1B9F54D-1B42-4A04-A398-E0D4DAEA71EF} = {01339D26-706C-4679-9C62-4401237B8D36}
		{9A9891B7-C625-4C24-B4D7-08249DFD10AF} = {01339D26-706C-4679-9C62-4401237B8D36}
		{D74DCF3D-9624-4C47-A115-3A00EE4D108D} = {01339D26-706C-4679-9C62-4401237B8D36}
		{3148C820-7DB6-4042-9B73-17FF7E378522} = {01339D26-706C-4679-9C62-4401237B8D36}
		{B1E50BCC-85CB-4581-8A3B-612114F45403} = {01339D26-706C-4679-9C62-4401237B8D36}
		{9AE8C2A1-91BE-437D-8439-862DB3B1AE57} = {9A9891B7-C625-4C24-B4D7-08249DFD10AF}
		{90CE088D-A6A8-4BEF-B072-6028AFCA10F9} = {9A9891B7-C625-4C24-B4D7-08249DFD10AF}
		{4D0DC0D8-A086-40BF-A71A-086A1489D72D} = {9A9891B7-C625-4C24-B4D7-08249DFD10AF}
		{C1C7A0DC-C9E9-4CC4-8AC6-97DFF573E7C5} = {B1B9F54D-1B42-4A04-A398-E0D4DAEA71EF}
		{DF717353-9294-4627-B9E5-FE7E1FF6FEE2} = {B1B9F54D-1B42-4A04-A398-E0D4DAEA71EF}
		{3DFCBCB5-CBB4-404A-B2AE-5C00958D39CA} = {B1B9F54D-1B42-4A04-A398-E0D4DAEA71EF}
		{4F833A65-E55E-412A-89DC-96840ECCB3E4} = {3148C820-7DB6-4042-9B73-17FF7E378522}
		{558D9DAC-0EDE-428C-8B9F-1B10A1D14C24} = {3148C820-7DB6-4042-9B73-17FF7E378522}
		{53B1F928-1412-43CE-8B49-1AF3B3B3F6FA} = {3148C820-7DB6-4042-9B73-17FF7E378522}
		{2759AB80-D3BB-48C5-8416-199ECADF2954} = {B1E50BCC-85CB-4581-8A3B-612114F45403}
		{C7B410BC-AEA1-42ED-B5B3-7CF91DA516FD} = {B1E50BCC-85CB-4581-8A3B-612114F45403}
		{D535E143-6CDE-4256-A3B4-A5F2A224981B} = {B1E50BCC-85CB-4581-8A3B-612114F45403}
		{CA0E34C8-365F-4D60-B6F9-383906828579} = {9AE8C2A1-91BE-437D-8439-862DB3B1AE57}
		{A2783199-FAD0-42C2-A1B6-8BADD96D0C7D} = {9AE8C2A1-91BE-437D-8439-862DB3B1AE57}
		{53EDFA3A-BF33-4D7D-8FA5-5BDB0DEA24C8} = {90CE088D-A6A8-4BEF-B072-6028AFCA10F9}
		{6AAD7B20-126A-42FD-A765-20916420494E} = {90CE088D-A6A8-4BEF-B072-6028AFCA10F9}
		{EDDFBBC1-E362-425F-8271-841B824DF80C} = {4D0DC0D8-A086-40BF-A71A-086A1489D72D}
		{97C50686-B54A-45E9-B6A0-CCA9B2343F1F} = {C1C7A0DC-C9E9-4CC4-8AC6-97DFF573E7C5}
		{79310804-82FE-4525-A553-559DFC6BBBC8} = {C1C7A0DC-C9E9-4CC4-8AC6-97DFF573E7C5}
		{E250CB92-5175-49E8-B753-9BDF723C7758} = {DF717353-9294-4627-B9E5-FE7E1FF6FEE2}
		{57F1ACF9-8A1C-493D-A0F1-48C3784BBD6E} = {DF717353-9294-4627-B9E5-FE7E1FF6FEE2}
		{9ACD144A-5596-4A25-B4E2-F637752B37CF} = {3DFCBCB5-CBB4-404A-B2AE-5C00958D39CA}
		{E5812CB1-BCD0-4A12-ACB0-BD0B522AC4AC} = {4F833A65-E55E-412A-89DC-96840ECCB3E4}
		{C064F4D8-2F52-452E-8462-1348C3D0E842} = {4F833A65-E55E-412A-89DC-96840ECCB3E4}
		{C6903BE7-533E-4106-B609-1CD873D5BBFA} = {558D9DAC-0EDE-428C-8B9F-1B10A1D14C24}
		{EBB633DF-4CCD-4DB0-9E50-4B808F921C2B} = {558D9DAC-0EDE-428C-8B9F-1B10A1D14C24}
		{3C5EEF32-9541-440E-A174-EF3D2A140D3B} = {2759AB80-D3BB-48C5-8416-199ECADF2954}
		{2D198AC7-3B35-4619-97D7-1DCAE4B4B70C} = {2759AB80-D3BB-48C5-8416-199ECADF2954}
		{2C8416AD-F7EF-4540-8E65-62CB86F05352} = {C7B410BC-AEA1-42ED-B5B3-7CF91DA516FD}
		{BF599224-5E97-424E-BCCC-2B2C50B03FE5} = {C7B410BC-AEA1-42ED-B5B3-7CF91DA516FD}
		{72FD7929-5155-47EF-B930-FEB88D2F126B} = {D535E143-6CDE-4256-A3B4-A5F2A224981B}
		{6BF6AC71-11B2-4305-9E9F-B0524F7BC918} = {C7A8DDA2-EE2F-48E1-9984-7D5B4A191B12}
		{D816A850-119A-47F2-9090-2A0FDEB32FB2} = {F7717A22-465F-4AC6-B951-5F2D21C60F13}
		{E5432CB5-93B2-429F-A24D-DA907F13D133} = {4BE0A962-AC15-44C0-A284-CA62BF7242EE}
		{C3D3D0A0-B0EE-432C-A797-3B2FBAEF37E2} = {E1AA3AFF-0656-4B29-9575-C730F03FE513}
		{7EBF1456-15DC-4ACB-93B5-232F105E3C7E} = {EC0F6A64-E2B4-4A24-B732-178EACCA41FA}
		{9D162B45-A52E-47AA-AB3E-915F7F1F0E4C} = {AD0B3AD8-C4EB-44E1-8F89-2EAC70D23F6F}
		{25B4FE43-A402-4137-85C9-7744ED1CC299} = {53B1F928-1412-43CE-8B49-1AF3B3B3F6FA}
		{94F277BA-B9B5-4EE6-A89E-C1254C3ED3FC} = {01339D26-706C-4679-9C62-4401237B8D36}
		{EF1DFD16-816E-4C0F-BA7E-9E7F0D259A1C} = {94F277BA-B9B5-4EE6-A89E-C1254C3ED3FC}
		{2796B42A-6B5A-4B8E-AA3A-6AF24BCCFB8B} = {94F277BA-B9B5-4EE6-A89E-C1254C3ED3FC}
		{40229488-24B2-4649-8E3C-BFB81E338B5D} = {94F277BA-B9B5-4EE6-A89E-C1254C3ED3FC}
		{C9E05AEB-7CDF-4F9B-B9BB-9868BACB9C07} = {94F277BA-B9B5-4EE6-A89E-C1254C3ED3FC}
		{0F8A2382-9D51-4338-952A-391F1621A915} = {94F277BA-B9B5-4EE6-A89E-C1254C3ED3FC}
		{A695879B-9023-43C1-B37A-CA90B50D9A1D} = {40229488-24B2-4649-8E3C-BFB81E338B5D}
		{3560113A-C588-4467-965B-59E84360C384} = {EF1DFD16-816E-4C0F-BA7E-9E7F0D259A1C}
		{1AC2ECCB-0578-4A2C-915B-3BA3042EF2C3} = {2796B42A-6B5A-4B8E-AA3A-6AF24BCCFB8B}
		{74773F87-AC09-43B8-BD9D-2ECFAC1CA9BB} = {C9E05AEB-7CDF-4F9B-B9BB-9868BACB9C07}
		{864651C7-5298-4234-88F9-2CC1081D1192} = {0F8A2382-9D51-4338-952A-391F1621A915}
		{D7E3961D-70E2-4661-9D18-0F513D8B0825} = {330EC2BE-419F-44AF-9AD4-F442F066A61F}
		{787DED29-B01F-47D8-90F4-3219E801DF78} = {D7E3961D-70E2-4661-9D18-0F513D8B0825}
		{B72DD423-753F-4B31-9C0A-8164FE81CEDF} = {01339D26-706C-4679-9C62-4401237B8D36}
		{FF333F3F-E293-4D6E-8761-2086217B5CD8} = {B72DD423-753F-4B31-9C0A-8164FE81CEDF}
		{A370FD15-B143-40F6-B5A3-3B72ECCE322D} = {B72DD423-753F-4B31-9C0A-8164FE81CEDF}
		{FB2BB3CA-8757-46C7-9640-0D0DE1FE498E} = {B72DD423-753F-4B31-9C0A-8164FE81CEDF}
		{476EF650-1025-42F3-95BB-DAF25BBC7FFB} = {FF333F3F-E293-4D6E-8761-2086217B5CD8}
		{92EBBE0E-6A5C-4A4A-BD6D-4CCD2C4B4858} = {FF333F3F-E293-4D6E-8761-2086217B5CD8}
		{1F06652C-21DF-48C5-B0CE-B4D70839577E} = {A370FD15-B143-40F6-B5A3-3B72ECCE322D}
		{60A0ABA3-F8AC-44DE-AD65-2AE3D08715D6} = {A370FD15-B143-40F6-B5A3-3B72ECCE322D}
		{DDF6233A-89D5-456D-A6DE-4CBDB528FDB5} = {FB2BB3CA-8757-46C7-9640-0D0DE1FE498E}
		{2100F66C-BC8E-44C9-A7F1-502BD36AA00F} = {D74DCF3D-9624-4C47-A115-3A00EE4D108D}
		{9BC2E65A-9A35-412F-92B5-BFCF5412D01F} = {14C9BFF8-1420-4D22-B97F-E2C7476576E7}
		{43234072-F7CE-4844-B659-A651B218242E} = {9BC2E65A-9A35-412F-92B5-BFCF5412D01F}
	EndGlobalSection
	GlobalSection(ExtensibilityGlobals) = postSolution
		SolutionGuid = {1DD50095-EA3E-4D3F-91EA-36656FC10020}
	EndGlobalSection
EndGlobal
